
Microsoft Visual Studio Solution File, Format Version 12.00
# Visual Studio Version 16
VisualStudioVersion = 16.0.30503.244
MinimumVisualStudioVersion = 10.0.40219.1
Project("{FAE04EC0-301F-11D3-BF4B-00C04F79EFBC}") = "serts_gui", "serts_gui\serts_gui.csproj", "{235EB257-4C91-49AF-9410-5D24A8FCBEA4}"
EndProject
Global
	GlobalSection(SolutionConfigurationPlatforms) = preSolution
		Debug|Any CPU = Debug|Any CPU
		Release|Any CPU = Release|Any CPU
	EndGlobalSection
	GlobalSection(ProjectConfigurationPlatforms) = postSolution
		{235EB257-4C91-49AF-9410-5D24A8FCBEA4}.Debug|Any CPU.ActiveCfg = Debug|Any CPU
		{235EB257-4C91-49AF-9410-5D24A8FCBEA4}.Debug|Any CPU.Build.0 = Debug|Any CPU
		{235EB257-4C91-49AF-9410-5D24A8FCBEA4}.Release|Any CPU.ActiveCfg = Release|Any CPU
		{235EB257-4C91-49AF-9410-5D24A8FCBEA4}.Release|Any CPU.Build.0 = Release|Any CPU
	EndGlobalSection
	GlobalSection(SolutionProperties) = preSolution
		HideSolutionNode = FALSE
	EndGlobalSection
	GlobalSection(ExtensibilityGlobals) = postSolution
		SolutionGuid = {B5734053-E65C-4772-89CC-232F1BBB8DA9}
	EndGlobalSection
EndGlobal
